<?xml version="1.0" encoding="utf-8"?>
<Project ToolsVersion="4.0" xmlns="http://schemas.microsoft.com/developer/msbuild/2003">
  <ItemGroup>
    <Filter Include="Source Files">
      <UniqueIdentifier>{4FC737F1-C7A5-4376-A066-2A32D752A2FF}</UniqueIdentifier>
      <Extensions>cpp;c;cc;cxx;def;odl;idl;hpj;bat;asm;asmx</Extensions>
    </Filter>
    <Filter Include="Header Files">
      <UniqueIdentifier>{93995380-89BD-4b04-88EB-625FBE52EBFB}</UniqueIdentifier>
      <Extensions>h;hh;hpp;hxx;hm;inl;inc;xsd</Extensions>
    </Filter>
    <Filter Include="Header Files\Core">
      <UniqueIdentifier>{bd49b8cf-8bf0-4f38-b691-026f1aac2144}</UniqueIdentifier>
    </Filter>
    <Filter Include="Source Files\Physics">
      <UniqueIdentifier>{d7a413b4-9647-48c8-ab61-44af04377eff}</UniqueIdentifier>
    </Filter>
    <Filter Include="Header Files\Physics">
      <UniqueIdentifier>{2e252b41-2429-4d3c-aa8b-8333f7e159c9}</UniqueIdentifier>
    </Filter>
    <Filter Include="Shaders">
      <UniqueIdentifier>{229dc6aa-8275-4235-8c3a-64bc37a5f5fc}</UniqueIdentifier>
    </Filter>
    <Filter Include="Header Files\Graphics">
      <UniqueIdentifier>{2163f61b-c825-4f28-bcf3-c01a3a91612c}</UniqueIdentifier>
    </Filter>
    <Filter Include="Shaders\Scene">
      <UniqueIdentifier>{3a375898-de57-4805-995a-5c0d96324108}</UniqueIdentifier>
    </Filter>
    <Filter Include="Source Files\Models">
      <UniqueIdentifier>{b6f0930d-5f0b-4253-af33-2cfbbd9bab0b}</UniqueIdentifier>
    </Filter>
    <Filter Include="Header Files\Models">
      <UniqueIdentifier>{ecef9444-c2bd-478b-a3a8-4d1becfb57b2}</UniqueIdentifier>
    </Filter>
    <Filter Include="Header Files\Core\Input">
      <UniqueIdentifier>{d6518540-bebd-4645-b9bf-808ccb02fc68}</UniqueIdentifier>
    </Filter>
    <Filter Include="Source Files\Object">
      <UniqueIdentifier>{fefb1194-3e7f-4004-a760-76dc6ad184ad}</UniqueIdentifier>
    </Filter>
    <Filter Include="Header Files\Object">
      <UniqueIdentifier>{7a2a3659-2882-443f-a527-65bf04ec2d3e}</UniqueIdentifier>
    </Filter>
    <Filter Include="Shaders\Depth">
      <UniqueIdentifier>{e9ba412c-e56c-4c47-addb-a20626061ff9}</UniqueIdentifier>
    </Filter>
    <Filter Include="Source Files\Network">
      <UniqueIdentifier>{99f0e2c2-a633-404a-af94-7e7e34cb1b03}</UniqueIdentifier>
    </Filter>
    <Filter Include="Header Files\Network">
      <UniqueIdentifier>{9ef4ccbe-277c-4caf-bff6-3c2e4f8e7ba5}</UniqueIdentifier>
    </Filter>
    <Filter Include="Source Files\Utility">
      <UniqueIdentifier>{2a8bd72b-33f9-4cd6-a3ee-24d34b8eba48}</UniqueIdentifier>
    </Filter>
    <Filter Include="Header Files\GameState">
      <UniqueIdentifier>{5b4a6ea4-b179-4b96-9ad2-a9f3e75db9ce}</UniqueIdentifier>
    </Filter>
    <Filter Include="Source Files\GameState">
      <UniqueIdentifier>{c8de4bce-8171-438e-841e-db74b190af71}</UniqueIdentifier>
    </Filter>
    <Filter Include="Shaders\GUI">
      <UniqueIdentifier>{e1b0cabd-87fb-488e-8f37-545216a64ab1}</UniqueIdentifier>
    </Filter>
    <Filter Include="Shaders\Line">
      <UniqueIdentifier>{e854a981-efee-478c-894d-ae58c1e87c5d}</UniqueIdentifier>
    </Filter>
    <Filter Include="Source Files\Utility\DebugDraw">
      <UniqueIdentifier>{6ca99271-27a1-4224-a30f-02cd00536f35}</UniqueIdentifier>
    </Filter>
    <Filter Include="Shaders\Particle">
      <UniqueIdentifier>{f17db6bb-41a5-4400-9258-b0dd33a5820f}</UniqueIdentifier>
    </Filter>
    <Filter Include="Header Files\Graphics\Particles">
      <UniqueIdentifier>{e7ff7528-8b45-486b-b4cf-e03973d7aad8}</UniqueIdentifier>
    </Filter>
    <Filter Include="Header Files\Core\Camera">
      <UniqueIdentifier>{6105dfd1-efa5-4bde-94c1-581b7b9720a2}</UniqueIdentifier>
    </Filter>
    <Filter Include="Source Files\GUI">
      <UniqueIdentifier>{69b2b7a4-55e2-4c79-91ab-bf6e4ba9e713}</UniqueIdentifier>
    </Filter>
    <Filter Include="Header Files\GUI">
      <UniqueIdentifier>{b1bdfbf5-1a23-4587-a5f9-52649839e070}</UniqueIdentifier>
    </Filter>
    <Filter Include="Source Files\GUI\Internal">
      <UniqueIdentifier>{1923165b-8a5d-4c22-bcfb-eab47c0d126f}</UniqueIdentifier>
    </Filter>
    <Filter Include="Header Files\GUI\Internal">
      <UniqueIdentifier>{fb93a324-473a-4d57-b35a-f79fef42c390}</UniqueIdentifier>
    </Filter>
    <Filter Include="Header Files\Abilities">
      <UniqueIdentifier>{b0121fa2-8f9d-42a5-8c09-594f399da5c8}</UniqueIdentifier>
    </Filter>
    <Filter Include="Source Files\GUI\Menu">
      <UniqueIdentifier>{aafd8341-9dfd-4d25-8c5d-4df8e2ce7064}</UniqueIdentifier>
    </Filter>
    <Filter Include="Header Files\GUI\Menu">
      <UniqueIdentifier>{ad7b4020-33dd-46b3-ad66-de8214a58dc8}</UniqueIdentifier>
    </Filter>
    <Filter Include="Source Files\GUI\Menu\Menu Items">
      <UniqueIdentifier>{e1e63284-17b8-4d34-8372-8b8283fbca97}</UniqueIdentifier>
    </Filter>
    <Filter Include="Header Files\GUI\Menu\Menu Items">
      <UniqueIdentifier>{4cd81acc-f6cd-467c-80cb-edf01ec328bc}</UniqueIdentifier>
    </Filter>
    <Filter Include="Source Files\Graphics">
      <UniqueIdentifier>{203b4b95-7f00-4e34-8b05-e5a4d9f26b8d}</UniqueIdentifier>
    </Filter>
    <Filter Include="Source Files\Graphics\Particles">
      <UniqueIdentifier>{01ad842d-b4f3-45e1-bdc7-5998ba973ad9}</UniqueIdentifier>
    </Filter>
    <Filter Include="Shaders\ShadowShapes">
      <UniqueIdentifier>{944e469a-b192-4ce9-abb6-7205312b24bf}</UniqueIdentifier>
    </Filter>
    <Filter Include="Source Files\Ninjas">
      <UniqueIdentifier>{0847c2a7-a67c-423a-9d08-53d0f5e1148c}</UniqueIdentifier>
    </Filter>
    <Filter Include="Header Files\Ninjas">
      <UniqueIdentifier>{a6867d01-73db-4cd3-a267-4f0ea3cb3317}</UniqueIdentifier>
    </Filter>
    <Filter Include="Shaders\Foliage">
      <UniqueIdentifier>{69a518e2-9142-4210-8a9d-aaae94d9a5cd}</UniqueIdentifier>
    </Filter>
    <Filter Include="Header Files\Object\Tools">
      <UniqueIdentifier>{28a61adb-30fb-4a35-b435-d67b7127f896}</UniqueIdentifier>
    </Filter>
    <Filter Include="Source Files\Object\Tools">
      <UniqueIdentifier>{d6f8df41-a2e5-446e-b07c-e719b8e05b34}</UniqueIdentifier>
    </Filter>
    <Filter Include="Source Files\Core">
      <UniqueIdentifier>{99c94013-ae70-4a11-aefe-95183f7a9b65}</UniqueIdentifier>
    </Filter>
    <Filter Include="Source Files\Core\Input">
      <UniqueIdentifier>{5cf320c2-6717-4a01-99fa-e9e3990fa2cd}</UniqueIdentifier>
    </Filter>
    <Filter Include="Source Files\Core\Camera">
      <UniqueIdentifier>{aa90d6a0-5cf3-4d34-a5b4-c9740a8847b4}</UniqueIdentifier>
    </Filter>
    <Filter Include="Shaders\Trail">
      <UniqueIdentifier>{e70e4063-628a-4b59-b9c0-d9a393c5e931}</UniqueIdentifier>
    </Filter>
    <Filter Include="Header Files\Graphics\Trails">
      <UniqueIdentifier>{de5ef398-19ad-43f0-a3ad-4a72896ae95a}</UniqueIdentifier>
    </Filter>
    <Filter Include="Source Files\Graphics\Trails">
      <UniqueIdentifier>{d1182603-a101-4989-8baf-24532995970f}</UniqueIdentifier>
    </Filter>
    <Filter Include="Shaders\SSAO">
      <UniqueIdentifier>{0c263ccc-4f79-4948-86d3-51db4e4dfb70}</UniqueIdentifier>
    </Filter>
    <Filter Include="Shaders\Composition">
      <UniqueIdentifier>{e3a15c1d-637f-4ac7-9242-157567058b8f}</UniqueIdentifier>
    </Filter>
    <Filter Include="Header Files\Utility">
      <UniqueIdentifier>{50e9b74b-568e-4883-8d0d-54ac882643cc}</UniqueIdentifier>
    </Filter>
    <Filter Include="Header Files\Utility\DebugDraw">
      <UniqueIdentifier>{96101049-4da0-49c8-8a50-c8a5514b56e7}</UniqueIdentifier>
    </Filter>
    <Filter Include="Shaders\Trail">
      <UniqueIdentifier>{e70e4063-628a-4b59-b9c0-d9a393c5e931}</UniqueIdentifier>
    </Filter>
    <Filter Include="Header Files\Graphics\Trails">
      <UniqueIdentifier>{de5ef398-19ad-43f0-a3ad-4a72896ae95a}</UniqueIdentifier>
    </Filter>
    <Filter Include="Source Files\Graphics\Trails">
      <UniqueIdentifier>{d1182603-a101-4989-8baf-24532995970f}</UniqueIdentifier>
    </Filter>
    <Filter Include="Shaders\DOF">
      <UniqueIdentifier>{16953032-c664-4717-91bd-0002a799348f}</UniqueIdentifier>
    </Filter>
    <Filter Include="Shaders\SuddenDeath">
      <UniqueIdentifier>{6bc18550-8554-4bff-a1bb-1e2c952770c0}</UniqueIdentifier>
    </Filter>
    <Filter Include="Source Files\Abilities">
      <UniqueIdentifier>{b0c8a535-7d03-4685-94fc-456b01c98d3c}</UniqueIdentifier>
    </Filter>
  </ItemGroup>
  <ItemGroup>
    <ClCompile Include="Main.cpp">
      <Filter>Source Files\Core</Filter>
    </ClCompile>
    <ClCompile Include="System.cpp">
      <Filter>Source Files\Core</Filter>
    </ClCompile>
    <ClCompile Include="Window.cpp">
      <Filter>Source Files\Core</Filter>
    </ClCompile>
    <ClCompile Include="Timer.cpp">
      <Filter>Source Files\Core</Filter>
    </ClCompile>
    <ClCompile Include="Collisions.cpp">
      <Filter>Source Files\Physics</Filter>
    </ClCompile>
    <ClCompile Include="GraphicsEngine.cpp">
      <Filter>Source Files\Graphics</Filter>
    </ClCompile>
    <ClCompile Include="InputManager.cpp">
      <Filter>Source Files\Core\Input</Filter>
    </ClCompile>
    <ClCompile Include="ButtonEvent.cpp">
      <Filter>Source Files\Core\Input</Filter>
    </ClCompile>
    <ClCompile Include="KButtonEvent.cpp">
      <Filter>Source Files\Core\Input</Filter>
    </ClCompile>
    <ClCompile Include="Player.cpp">
      <Filter>Source Files\Object</Filter>
    </ClCompile>
    <ClCompile Include="MovingObject.cpp">
      <Filter>Source Files\Object</Filter>
    </ClCompile>
    <ClCompile Include="Object.cpp">
      <Filter>Source Files\Object</Filter>
    </ClCompile>
    <ClCompile Include="Shuriken.cpp">
      <Filter>Source Files\Object</Filter>
    </ClCompile>
    <ClCompile Include="ObjectManager.cpp">
      <Filter>Source Files\Object</Filter>
    </ClCompile>
    <ClCompile Include="PlayerManager.cpp">
      <Filter>Source Files\Object</Filter>
    </ClCompile>
    <ClCompile Include="Globals.cpp">
      <Filter>Source Files\Utility</Filter>
    </ClCompile>
    <ClCompile Include="GameState.cpp">
      <Filter>Source Files\GameState</Filter>
    </ClCompile>
    <ClCompile Include="Network.cpp">
      <Filter>Source Files\Network</Filter>
    </ClCompile>
    <ClCompile Include="AnimatedObject.cpp">
      <Filter>Source Files\Object</Filter>
    </ClCompile>
    <ClCompile Include="Model.cpp">
      <Filter>Source Files\Models</Filter>
    </ClCompile>
    <ClCompile Include="AnimationControl.cpp">
      <Filter>Source Files\Models</Filter>
    </ClCompile>
    <ClCompile Include="ParticleEmitter.cpp">
      <Filter>Source Files\Graphics\Particles</Filter>
    </ClCompile>
    <ClCompile Include="CollisionManager.cpp">
      <Filter>Source Files\Physics</Filter>
    </ClCompile>
    <ClCompile Include="Camera.cpp">
      <Filter>Source Files\Core\Camera</Filter>
    </ClCompile>
    <ClCompile Include="Frustum.cpp">
      <Filter>Source Files\Core\Camera</Filter>
    </ClCompile>
    <ClCompile Include="Sound.cpp">
      <Filter>Source Files\Core</Filter>
    </ClCompile>
    <ClCompile Include="HealthBar.cpp">
      <Filter>Source Files\GUI</Filter>
    </ClCompile>
    <ClCompile Include="GUIElement.cpp">
      <Filter>Source Files\GUI\Internal</Filter>
    </ClCompile>
    <ClCompile Include="GUIManager.cpp">
      <Filter>Source Files\GUI\Internal</Filter>
    </ClCompile>
    <ClCompile Include="Dash.cpp">
      <Filter>Source Files\Abilities</Filter>
    </ClCompile>
    <ClCompile Include="Ability.cpp">
      <Filter>Source Files\Abilities</Filter>
    </ClCompile>
    <ClCompile Include="StatusEffect.cpp">
      <Filter>Source Files\Abilities</Filter>
    </ClCompile>
    <ClCompile Include="MeleeSwing.cpp">
      <Filter>Source Files\Abilities</Filter>
    </ClCompile>
    <ClCompile Include="ShurikenAbility.cpp">
      <Filter>Source Files\Abilities</Filter>
    </ClCompile>
    <ClCompile Include="AbilityBar.cpp">
      <Filter>Source Files\GUI</Filter>
    </ClCompile>
    <ClCompile Include="GUIAbility.cpp">
      <Filter>Source Files\GUI</Filter>
    </ClCompile>
    <ClCompile Include="MegaShuriken.cpp">
      <Filter>Source Files\Abilities</Filter>
    </ClCompile>
    <ClCompile Include="SmokeBombAbility.cpp">
      <Filter>Source Files\Abilities</Filter>
    </ClCompile>
    <ClCompile Include="MenuCheckbox.cpp">
      <Filter>Source Files\GUI\Menu\Menu Items</Filter>
    </ClCompile>
    <ClCompile Include="MenuButton.cpp">
      <Filter>Source Files\GUI\Menu\Menu Items</Filter>
    </ClCompile>
    <ClCompile Include="MenuState.cpp">
      <Filter>Source Files\GameState</Filter>
    </ClCompile>
    <ClCompile Include="Menu.cpp">
      <Filter>Source Files\GUI\Menu</Filter>
    </ClCompile>
    <ClCompile Include="MenuItem.cpp">
      <Filter>Source Files\GUI\Menu\Menu Items</Filter>
    </ClCompile>
    <ClCompile Include="ChooseState.cpp">
      <Filter>Source Files\GameState</Filter>
    </ClCompile>
    <ClCompile Include="DirectXTex\WICTextureLoader\WICTextureLoader.cpp">
      <Filter>Source Files\Graphics</Filter>
    </ClCompile>
    <ClCompile Include="GUIText.cpp">
      <Filter>Source Files\GUI\Internal</Filter>
    </ClCompile>
    <ClCompile Include="Minimap.cpp">
      <Filter>Source Files\GUI</Filter>
    </ClCompile>
    <ClCompile Include="SpikeAbility.cpp">
      <Filter>Source Files\Abilities</Filter>
    </ClCompile>
    <ClCompile Include="KatanaNinja.cpp">
      <Filter>Source Files\Ninjas</Filter>
    </ClCompile>
    <ClCompile Include="TessenNinja.cpp">
      <Filter>Source Files\Ninjas</Filter>
    </ClCompile>
    <ClCompile Include="WhipPrimaryAttackAbility.cpp">
      <Filter>Source Files\Abilities</Filter>
    </ClCompile>
    <ClCompile Include="WhipSecondaryAttackAbility.cpp">
      <Filter>Source Files\Abilities</Filter>
    </ClCompile>
    <ClCompile Include="FanBoomerang.cpp">
      <Filter>Source Files\Object</Filter>
    </ClCompile>
    <ClCompile Include="FanBoomerangAbility.cpp">
      <Filter>Source Files\Abilities</Filter>
    </ClCompile>
    <ClCompile Include="NaginataSlash.cpp">
      <Filter>Source Files\Abilities</Filter>
    </ClCompile>
    <ClCompile Include="NaginataNinja.cpp">
      <Filter>Source Files\Ninjas</Filter>
    </ClCompile>
    <ClCompile Include="Cursor.cpp">
      <Filter>Source Files\GUI</Filter>
    </ClCompile>
    <ClCompile Include="KunaiAbility.cpp">
      <Filter>Source Files\Abilities</Filter>
    </ClCompile>
    <ClCompile Include="Projectile.cpp">
      <Filter>Source Files\Object</Filter>
    </ClCompile>
    <ClCompile Include="NaginataStab.cpp">
      <Filter>Source Files\Abilities</Filter>
    </ClCompile>
    <ClCompile Include="TeamStatusBar.cpp">
      <Filter>Source Files\GUI</Filter>
    </ClCompile>
    <ClCompile Include="StickyTrapAbility.cpp">
      <Filter>Source Files\Abilities</Filter>
    </ClCompile>
    <ClCompile Include="NaginataStab.cpp">
      <Filter>Source Files\Abilities</Filter>
    </ClCompile>
    <ClCompile Include="StickyTrap.cpp">
      <Filter>Source Files\Object\Tools</Filter>
    </ClCompile>
    <ClCompile Include="SmokeBomb.cpp">
      <Filter>Source Files\Object\Tools</Filter>
    </ClCompile>
    <ClCompile Include="Spikes.cpp">
      <Filter>Source Files\Object\Tools</Filter>
    </ClCompile>
    <ClCompile Include="Countdown.cpp">
      <Filter>Source Files\GUI</Filter>
    </ClCompile>
    <ClCompile Include="Spikes.cpp">
      <Filter>Source Files\Object\Tools</Filter>
    </ClCompile>
    <ClCompile Include="Volley.cpp">
      <Filter>Source Files\Object</Filter>
    </ClCompile>
    <ClCompile Include="VolleyObject.cpp">
      <Filter>Source Files\Object</Filter>
    </ClCompile>
    <ClCompile Include="VolleyAbility.cpp">
      <Filter>Source Files\Abilities</Filter>
    </ClCompile>
    <ClCompile Include="ParticleRenderer.cpp">
      <Filter>Source Files\Graphics\Particles</Filter>
    </ClCompile>
    <ClCompile Include="AttackPredictionEditor.cpp">
      <Filter>Source Files\Ninjas</Filter>
    </ClCompile>
    <ClCompile Include="FloatingText.cpp">
      <Filter>Source Files\GUI</Filter>
    </ClCompile>
    <ClCompile Include="Trail.cpp">
      <Filter>Source Files\Graphics\Trails</Filter>
    </ClCompile>
    <ClCompile Include="TrailRenderer.cpp">
      <Filter>Source Files\Graphics\Trails</Filter>
    </ClCompile>
    <ClCompile Include="InGameMenu.cpp">
      <Filter>Source Files\GUI\Menu</Filter>
    </ClCompile>
    <ClCompile Include="DeathBoard.cpp">
      <Filter>Source Files\GUI</Filter>
    </ClCompile>
    <ClCompile Include="CharacterAbilityDescription.cpp">
      <Filter>Source Files\GUI</Filter>
    </ClCompile>
    <ClCompile Include="TeamTable.cpp">
      <Filter>Source Files\GameState</Filter>
    </ClCompile>
    <ClCompile Include="ToolTipPopUp.cpp">
      <Filter>Source Files\GUI</Filter>
    </ClCompile>
    <ClCompile Include="ScoreBoard.cpp">
      <Filter>Source Files\GUI</Filter>
    </ClCompile>
    <ClCompile Include="VictoryScreenMenu.cpp">
      <Filter>Source Files\GUI\Menu</Filter>
    </ClCompile>
    <ClCompile Include="PointOfInterest.cpp">
      <Filter>Source Files\Object</Filter>
    </ClCompile>
    <ClCompile Include="PointOfInterestManager.cpp">
      <Filter>Source Files\Object</Filter>
    </ClCompile>
    <ClCompile Include="MemoryChecker.cpp">
      <Filter>Source Files\Utility</Filter>
    </ClCompile>
    <ClCompile Include="DebugText.cpp">
      <Filter>Source Files\Utility\DebugDraw</Filter>
    </ClCompile>
    <ClCompile Include="SuddenDeathState.cpp">
      <Filter>Source Files\GameState</Filter>
    </ClCompile>
    <ClCompile Include="CreaditsScreen.cpp">
      <Filter>Source Files\GUI\Menu</Filter>
    </ClCompile>
    <ClCompile Include="MenuTextBox.cpp">
      <Filter>Source Files\GUI\Menu\Menu Items</Filter>
    </ClCompile>
    <ClCompile Include="PlayingState.cpp">
      <Filter>Source Files\GameState</Filter>
    </ClCompile>
    <ClCompile Include="Settings.cpp">
      <Filter>Source Files\Core</Filter>
    </ClCompile>
    <ClCompile Include="POIGrapichalEffects.cpp">
      <Filter>Source Files\Graphics</Filter>
    </ClCompile>
    <ClCompile Include="FanMelee.cpp">
      <Filter>Source Files\Abilities</Filter>
    </ClCompile>
  </ItemGroup>
  <ItemGroup>
    <ClInclude Include="System.h">
      <Filter>Header Files\Core</Filter>
    </ClInclude>
    <ClInclude Include="Window.h">
      <Filter>Header Files\Core</Filter>
    </ClInclude>
    <ClInclude Include="Structures.h">
      <Filter>Header Files\Utility</Filter>
    </ClInclude>
    <ClInclude Include="Timer.h">
      <Filter>Header Files\Core</Filter>
    </ClInclude>
    <ClInclude Include="Collisions.h">
      <Filter>Header Files\Physics</Filter>
    </ClInclude>
    <ClInclude Include="DirectX.h">
      <Filter>Header Files\Graphics</Filter>
    </ClInclude>
    <ClInclude Include="GraphicsEngine.h">
      <Filter>Header Files\Graphics</Filter>
    </ClInclude>
    <ClInclude Include="InputManager.h">
      <Filter>Header Files\Core\Input</Filter>
    </ClInclude>
    <ClInclude Include="ButtonEvent.h">
      <Filter>Header Files\Core\Input</Filter>
    </ClInclude>
    <ClInclude Include="KButtonEvent.h">
      <Filter>Header Files\Core\Input</Filter>
    </ClInclude>
    <ClInclude Include="Globals.h">
      <Filter>Header Files\Utility</Filter>
    </ClInclude>
    <ClInclude Include="Object.h">
      <Filter>Header Files\Object</Filter>
    </ClInclude>
    <ClInclude Include="MovingObject.h">
      <Filter>Header Files\Object</Filter>
    </ClInclude>
    <ClInclude Include="Player.h">
      <Filter>Header Files\Object</Filter>
    </ClInclude>
    <ClInclude Include="Object.h">
      <Filter>Header Files\Core</Filter>
    </ClInclude>
    <ClInclude Include="Shuriken.h">
      <Filter>Header Files\Object</Filter>
    </ClInclude>
    <ClInclude Include="ObjectManager.h">
      <Filter>Header Files\Object</Filter>
    </ClInclude>
    <ClInclude Include="PlayerManager.h">
      <Filter>Header Files\Object</Filter>
    </ClInclude>
    <ClInclude Include="Network.h">
      <Filter>Header Files\Network</Filter>
    </ClInclude>
    <ClInclude Include="GameState.h">
      <Filter>Header Files\GameState</Filter>
    </ClInclude>
    <ClInclude Include="AnimatedObject.h">
      <Filter>Header Files\Object</Filter>
    </ClInclude>
    <ClInclude Include="Model.h">
      <Filter>Header Files\Models</Filter>
    </ClInclude>
    <ClInclude Include="AnimationControl.h">
      <Filter>Header Files\Models</Filter>
    </ClInclude>
    <ClInclude Include="ParticleEmitter.h">
      <Filter>Header Files\Graphics\Particles</Filter>
    </ClInclude>
    <ClInclude Include="CollisionManager.h">
      <Filter>Header Files\Physics</Filter>
    </ClInclude>
    <ClInclude Include="Camera.h">
      <Filter>Header Files\Core\Camera</Filter>
    </ClInclude>
    <ClInclude Include="Frustum.h">
      <Filter>Header Files\Core\Camera</Filter>
    </ClInclude>
    <ClInclude Include="Sound.h">
      <Filter>Header Files\Core</Filter>
    </ClInclude>
    <ClInclude Include="HealthBar.h">
      <Filter>Header Files\GUI</Filter>
    </ClInclude>
    <ClInclude Include="GUIElement.h">
      <Filter>Header Files\GUI\Internal</Filter>
    </ClInclude>
    <ClInclude Include="GUIManager.h">
      <Filter>Header Files\GUI\Internal</Filter>
    </ClInclude>
    <ClInclude Include="Ability.h">
      <Filter>Header Files\Abilities</Filter>
    </ClInclude>
    <ClInclude Include="Dash.h">
      <Filter>Header Files\Abilities</Filter>
    </ClInclude>
    <ClInclude Include="StatusEffect.h">
      <Filter>Header Files\Abilities</Filter>
    </ClInclude>
    <ClInclude Include="MeleeSwing.h">
      <Filter>Header Files\Abilities</Filter>
    </ClInclude>
    <ClInclude Include="ShurikenAbility.h">
      <Filter>Header Files\Abilities</Filter>
    </ClInclude>
    <ClInclude Include="AbilityBar.h">
      <Filter>Header Files\GUI</Filter>
    </ClInclude>
    <ClInclude Include="GUIAbility.h">
      <Filter>Header Files\GUI</Filter>
    </ClInclude>
    <ClInclude Include="MegaShuriken.h">
      <Filter>Header Files\Abilities</Filter>
    </ClInclude>
    <ClInclude Include="SmokeBombAbility.h">
      <Filter>Header Files\Abilities</Filter>
    </ClInclude>
    <ClInclude Include="MenuCheckbox.h">
      <Filter>Header Files\GUI\Menu\Menu Items</Filter>
    </ClInclude>
    <ClInclude Include="MenuButton.h">
      <Filter>Header Files\GUI\Menu\Menu Items</Filter>
    </ClInclude>
    <ClInclude Include="MenuState.h">
      <Filter>Header Files\GameState</Filter>
    </ClInclude>
    <ClInclude Include="Menu.h">
      <Filter>Header Files\GUI\Menu</Filter>
    </ClInclude>
    <ClInclude Include="MenuItem.h">
      <Filter>Header Files\GUI\Menu\Menu Items</Filter>
    </ClInclude>
    <ClInclude Include="ChooseState.h">
      <Filter>Header Files\GameState</Filter>
    </ClInclude>
    <ClInclude Include="QuadTree.h">
      <Filter>Header Files\Utility</Filter>
    </ClInclude>
    <ClInclude Include="DirectXTex\WICTextureLoader\WICTextureLoader.h">
      <Filter>Header Files\Graphics</Filter>
    </ClInclude>
    <ClInclude Include="GUIText.h">
      <Filter>Header Files\GUI\Internal</Filter>
    </ClInclude>
    <ClInclude Include="Minimap.h">
      <Filter>Header Files\GUI</Filter>
    </ClInclude>
    <ClInclude Include="SpikeAbility.h">
      <Filter>Header Files\Abilities</Filter>
    </ClInclude>
    <ClInclude Include="KatanaNinja.h">
      <Filter>Header Files\Ninjas</Filter>
    </ClInclude>
    <ClInclude Include="TessenNinja.h">
      <Filter>Header Files\Ninjas</Filter>
    </ClInclude>
    <ClInclude Include="WhipPrimaryAttackAbility.h">
      <Filter>Header Files\Abilities</Filter>
    </ClInclude>
    <ClInclude Include="WhipSecondaryAttackAbility.h">
      <Filter>Header Files\Abilities</Filter>
    </ClInclude>
    <ClInclude Include="FanBoomerang.h">
      <Filter>Header Files\Object</Filter>
    </ClInclude>
    <ClInclude Include="FanBoomerangAbility.h">
      <Filter>Header Files\Abilities</Filter>
    </ClInclude>
    <ClInclude Include="NaginataSlash.h">
      <Filter>Header Files\Abilities</Filter>
    </ClInclude>
    <ClInclude Include="NaginataNinja.h">
      <Filter>Header Files\Ninjas</Filter>
    </ClInclude>
    <ClInclude Include="Cursor.h">
      <Filter>Header Files\GUI</Filter>
    </ClInclude>
    <ClInclude Include="KunaiAbility.h">
      <Filter>Header Files\Abilities</Filter>
    </ClInclude>
    <ClInclude Include="Projectile.h">
      <Filter>Header Files\Object</Filter>
    </ClInclude>
    <ClInclude Include="NaginataStab.h">
      <Filter>Header Files\Abilities</Filter>
    </ClInclude>
    <ClInclude Include="TeamStatusBar.h">
      <Filter>Header Files\GUI</Filter>
    </ClInclude>
    <ClInclude Include="StickyTrapAbility.h">
      <Filter>Header Files\Abilities</Filter>
    </ClInclude>
    <ClInclude Include="NaginataStab.h">
      <Filter>Header Files\Abilities</Filter>
    </ClInclude>
    <ClInclude Include="SmokeBomb.h">
      <Filter>Header Files\Object\Tools</Filter>
    </ClInclude>
    <ClInclude Include="Spikes.h">
      <Filter>Header Files\Object\Tools</Filter>
    </ClInclude>
    <ClInclude Include="StickyTrap.h">
      <Filter>Header Files\Object\Tools</Filter>
    </ClInclude>
    <ClInclude Include="Countdown.h">
      <Filter>Header Files\GUI</Filter>
    </ClInclude>
    <ClInclude Include="Volley.h">
      <Filter>Header Files\Object</Filter>
    </ClInclude>
    <ClInclude Include="VolleyObject.h">
      <Filter>Header Files\Object</Filter>
    </ClInclude>
    <ClInclude Include="VolleyAbility.h">
      <Filter>Header Files\Abilities</Filter>
    </ClInclude>
    <ClInclude Include="ParticleRenderer.h">
      <Filter>Header Files\Graphics\Particles</Filter>
    </ClInclude>
    <ClInclude Include="AttackPredictionEditor.h">
      <Filter>Header Files\Ninjas</Filter>
    </ClInclude>
    <ClInclude Include="FloatingText.h">
      <Filter>Header Files\GUI</Filter>
    </ClInclude>
    <ClInclude Include="Trail.h">
      <Filter>Header Files\Graphics\Trails</Filter>
    </ClInclude>
    <ClInclude Include="TrailRenderer.h">
      <Filter>Header Files\Graphics\Trails</Filter>
    </ClInclude>
    <ClInclude Include="InGameMenu.h">
      <Filter>Header Files\GUI\Menu</Filter>
    </ClInclude>
    <ClInclude Include="DeathBoard.h">
      <Filter>Header Files\GUI</Filter>
    </ClInclude>
    <ClInclude Include="TextResource.h">
      <Filter>Header Files\Utility</Filter>
    </ClInclude>
    <ClInclude Include="CharacterAbilityDescription.h">
      <Filter>Header Files\GUI</Filter>
    </ClInclude>
    <ClInclude Include="TeamTable.h">
      <Filter>Header Files\GameState</Filter>
    </ClInclude>
    <ClInclude Include="ToolTipPopUp.h">
      <Filter>Header Files\GUI</Filter>
    </ClInclude>
    <ClInclude Include="VictoryScreenMenu.h">
      <Filter>Header Files\GUI\Menu</Filter>
    </ClInclude>
    <ClInclude Include="ScoreBoard.h">
      <Filter>Header Files\GUI</Filter>
    </ClInclude>
    <ClInclude Include="PointOfInterest.h">
      <Filter>Header Files\Object</Filter>
    </ClInclude>
    <ClInclude Include="PointOfInterestManager.h">
      <Filter>Header Files\Object</Filter>
    </ClInclude>
    <ClInclude Include="MemoryChecker.h">
      <Filter>Header Files\Utility</Filter>
    </ClInclude>
    <ClInclude Include="DebugText.h">
      <Filter>Header Files\Utility\DebugDraw</Filter>
    </ClInclude>
    <ClInclude Include="SuddenDeathState.h">
      <Filter>Header Files\GameState</Filter>
    </ClInclude>
    <ClInclude Include="CustomFont.h">
      <Filter>Header Files\GUI\Internal</Filter>
    </ClInclude>
    <ClInclude Include="CreaditsScreen.h">
      <Filter>Header Files\GUI\Menu</Filter>
    </ClInclude>
    <ClInclude Include="MenuTextBox.h">
      <Filter>Header Files\GUI\Menu\Menu Items</Filter>
    </ClInclude>
    <ClInclude Include="PlayingState.h">
      <Filter>Header Files\GameState</Filter>
    </ClInclude>
    <ClInclude Include="Settings.h">
      <Filter>Header Files\Core</Filter>
    </ClInclude>
    <ClInclude Include="POIGrapichalEffects.h">
      <Filter>Header Files\Graphics</Filter>
    </ClInclude>
    <ClInclude Include="FanMelee.h">
      <Filter>Header Files\Abilities</Filter>
    </ClInclude>
  </ItemGroup>
  <ItemGroup>
    <FxCompile Include="Shaders\Scene\PixelShader.hlsl">
      <Filter>Shaders\Scene</Filter>
    </FxCompile>
    <FxCompile Include="Shaders\Depth\DepthPixelShader.hlsl">
      <Filter>Shaders\Depth</Filter>
    </FxCompile>
    <FxCompile Include="Shaders\Depth\DepthVertexShader.hlsl">
      <Filter>Shaders\Depth</Filter>
    </FxCompile>
    <FxCompile Include="Shaders\Scene\AnimatedVertexShader.hlsl">
      <Filter>Shaders\Scene</Filter>
    </FxCompile>
    <FxCompile Include="Shaders\GUI\GUIVertexShader.hlsl">
      <Filter>Shaders\GUI</Filter>
    </FxCompile>
    <FxCompile Include="Shaders\Line\LinePixelShader.hlsl">
      <Filter>Shaders\Line</Filter>
    </FxCompile>
    <FxCompile Include="Shaders\Line\LineVertexShader.hlsl">
      <Filter>Shaders\Line</Filter>
    </FxCompile>
    <FxCompile Include="Shaders\Particle\ParticlePixelShader.hlsl">
      <Filter>Shaders\Particle</Filter>
    </FxCompile>
    <FxCompile Include="Shaders\Particle\ParticleGeometryShader.hlsl">
      <Filter>Shaders\Particle</Filter>
    </FxCompile>
    <FxCompile Include="Shaders\Particle\ParticleVertexShader.hlsl">
      <Filter>Shaders\Particle</Filter>
    </FxCompile>
    <FxCompile Include="Shaders\GUI\GUIPixelShader.hlsl">
      <Filter>Shaders\GUI</Filter>
    </FxCompile>
    <FxCompile Include="Shaders\GUI\GUIColorPixelShader.hlsl">
      <Filter>Shaders\GUI</Filter>
    </FxCompile>
    <FxCompile Include="Shaders\GUI\GUIColorVertexShader.hlsl">
      <Filter>Shaders\GUI</Filter>
    </FxCompile>
    <FxCompile Include="Shaders\Scene\InstanceShader.hlsl">
      <Filter>Shaders\Scene</Filter>
    </FxCompile>
    <FxCompile Include="Shaders\Scene\VertexShader.hlsl">
      <Filter>Shaders\Scene</Filter>
    </FxCompile>
    <FxCompile Include="Shaders\Depth\InstancingDepthVertexShader.hlsl">
      <Filter>Shaders\Depth</Filter>
    </FxCompile>
    <FxCompile Include="Shaders\Depth\DepthAnimatedVertexShader.hlsl">
      <Filter>Shaders\Depth</Filter>
    </FxCompile>
    <FxCompile Include="Shaders\ShadowShapes\SSPixelShader.hlsl">
      <Filter>Shaders\ShadowShapes</Filter>
    </FxCompile>
    <FxCompile Include="Shaders\ShadowShapes\SSVertexShader.hlsl">
      <Filter>Shaders\ShadowShapes</Filter>
    </FxCompile>
    <FxCompile Include="Shaders\Scene\PixelShaderOutlining.hlsl">
      <Filter>Shaders\Scene</Filter>
    </FxCompile>
    <FxCompile Include="Shaders\Scene\VertexShaderOutlining.hlsl">
      <Filter>Shaders\Scene</Filter>
    </FxCompile>
    <FxCompile Include="Shaders\Foliage\FoliageGeometryShader.hlsl">
      <Filter>Shaders\Foliage</Filter>
    </FxCompile>
    <FxCompile Include="Shaders\Foliage\FoliagePixelShader.hlsl">
      <Filter>Shaders\Foliage</Filter>
    </FxCompile>
    <FxCompile Include="Shaders\Foliage\FoliageVertexShader.hlsl">
      <Filter>Shaders\Foliage</Filter>
    </FxCompile>
    <FxCompile Include="Shaders\Trails\TrailGeometryShader.hlsl">
      <Filter>Shaders\Trail</Filter>
    </FxCompile>
    <FxCompile Include="Shaders\Trails\TrailPixelShader.hlsl">
      <Filter>Shaders\Trail</Filter>
    </FxCompile>
    <FxCompile Include="Shaders\Trails\TrailVertexShader.hlsl">
      <Filter>Shaders\Trail</Filter>
    </FxCompile>
    <FxCompile Include="Shaders\SSAO\SSAOPixelShader.hlsl">
      <Filter>Shaders\SSAO</Filter>
    </FxCompile>
    <FxCompile Include="Shaders\Composition\CompositionPixelShader.hlsl">
      <Filter>Shaders\Composition</Filter>
    </FxCompile>
    <FxCompile Include="Shaders\Composition\CompositionVertexShader.hlsl">
      <Filter>Shaders\Composition</Filter>
    </FxCompile>
    <FxCompile Include="Shaders\Scene\PixelShaderForward.hlsl">
      <Filter>Shaders\Scene</Filter>
    </FxCompile>
    <FxCompile Include="Shaders\Trails\TrailGeometryShader.hlsl">
      <Filter>Shaders\Trail</Filter>
    </FxCompile>
    <FxCompile Include="Shaders\SSAO\SSAOBlurHPixelShader.hlsl">
      <Filter>Shaders\SSAO</Filter>
    </FxCompile>
    <FxCompile Include="Shaders\SSAO\SSAOBlurVPixelShader.hlsl">
      <Filter>Shaders\SSAO</Filter>
    </FxCompile>
    <FxCompile Include="Shaders\Trails\TrailVertexShader.hlsl">
      <Filter>Shaders\Trail</Filter>
    </FxCompile>
    <FxCompile Include="Shaders\Composition\PointLightQuadCullingGS.hlsl">
      <Filter>Shaders\Composition</Filter>
    </FxCompile>
    <FxCompile Include="Shaders\Composition\PointLightQuadCullingVS.hlsl">
      <Filter>Shaders\Composition</Filter>
    </FxCompile>
    <FxCompile Include="Shaders\Composition\PointLightQuadCullingPS.hlsl">
      <Filter>Shaders\Composition</Filter>
    </FxCompile>
    <FxCompile Include="Shaders\DOF\DOFPixelShader.hlsl">
      <Filter>Shaders\DOF</Filter>
    </FxCompile>
    <FxCompile Include="Shaders\DOF\DOFBlurHPixelShader.hlsl">
      <Filter>Shaders\DOF</Filter>
    </FxCompile>
    <FxCompile Include="Shaders\DOF\DOFBlurVPixelShader.hlsl">
      <Filter>Shaders\DOF</Filter>
    </FxCompile>
    <FxCompile Include="Shaders\SuddenDeath\SDPixelShader.hlsl">
      <Filter>Shaders\SuddenDeath</Filter>
    </FxCompile>
    <FxCompile Include="Shaders\SuddenDeath\SDVertexShader.hlsl">
      <Filter>Shaders\SuddenDeath</Filter>
    </FxCompile>
    <FxCompile Include="Shaders\Particle\ParticlePixelShaderNotFire.hlsl">
      <Filter>Shaders\Particle</Filter>
    </FxCompile>
    <FxCompile Include="Shaders\ShadowShapes\SSReverseVertexShader.hlsl">
      <Filter>Shaders\ShadowShapes</Filter>
    </FxCompile>
    <FxCompile Include="Shaders\ShadowShapes\SSReversePixelShader.hlsl">
      <Filter>Shaders\ShadowShapes</Filter>
    </FxCompile>
  </ItemGroup>
  <ItemGroup>
    <None Include="Shaders\Scene\LightCalculation.hlsli">
      <Filter>Shaders\Scene</Filter>
    </None>
  </ItemGroup>
</Project>