<?xml version="1.0" encoding="utf-8"?>
<Project ToolsVersion="4.0" xmlns="http://schemas.microsoft.com/developer/msbuild/2003">
  <ItemGroup>
    <Filter Include="Source Files">
      <UniqueIdentifier>{4FC737F1-C7A5-4376-A066-2A32D752A2FF}</UniqueIdentifier>
      <Extensions>cpp;c;cc;cxx;def;odl;idl;hpj;bat;asm;asmx</Extensions>
    </Filter>
    <Filter Include="Header Files">
      <UniqueIdentifier>{93995380-89BD-4b04-88EB-625FBE52EBFB}</UniqueIdentifier>
      <Extensions>h;hh;hpp;hxx;hm;inl;inc;xsd</Extensions>
    </Filter>
    <Filter Include="Resource Files">
      <UniqueIdentifier>{67DA6AB6-F800-4c08-8B7A-83BB121AAD01}</UniqueIdentifier>
      <Extensions>rc;ico;cur;bmp;dlg;rc2;rct;bin;rgs;gif;jpg;jpeg;jpe;resx;tiff;tif;png;wav;mfcribbon-ms</Extensions>
    </Filter>
  </ItemGroup>
  <ItemGroup>
    <Text Include="ReadMe.txt" />
  </ItemGroup>
  <ItemGroup>
    <ClInclude Include="stdafx.h">
      <Filter>Header Files</Filter>
    </ClInclude>
    <ClInclude Include="targetver.h">
      <Filter>Header Files</Filter>
    </ClInclude>
    <ClInclude Include="GraphicsEngineDLL.h">
      <Filter>Header Files</Filter>
    </ClInclude>
    <ClInclude Include="ParticleShader.h">
      <Filter>Header Files</Filter>
    </ClInclude>
    <ClInclude Include="SceneShader.h">
      <Filter>Header Files</Filter>
    </ClInclude>
    <ClInclude Include="DepthShader.h">
      <Filter>Header Files</Filter>
    </ClInclude>
    <ClInclude Include="GUIShader.h">
      <Filter>Header Files</Filter>
    </ClInclude>
    <ClInclude Include="RenderTarget.h">
      <Filter>Header Files</Filter>
    </ClInclude>
    <ClInclude Include="VisibilityComputer.h">
      <Filter>Header Files</Filter>
    </ClInclude>
    <ClInclude Include="DirectX.h">
      <Filter>Header Files</Filter>
    </ClInclude>
    <ClInclude Include="FoliageShader.h">
      <Filter>Header Files</Filter>
    </ClInclude>
    <ClInclude Include="InstanceManager.h">
      <Filter>Header Files</Filter>
    </ClInclude>
    <ClInclude Include="ScreenSpace.h">
      <Filter>Header Files</Filter>
    </ClInclude>
    <ClInclude Include="ShadowShapes.h">
      <Filter>Header Files</Filter>
    </ClInclude>
    <ClInclude Include="DebugDraw.h">
      <Filter>Header Files</Filter>
    </ClInclude>
    <ClInclude Include="DebugBox.h">
      <Filter>Header Files</Filter>
    </ClInclude>
    <ClInclude Include="DebugCircle.h">
      <Filter>Header Files</Filter>
    </ClInclude>
    <ClInclude Include="DebugDot.h">
      <Filter>Header Files</Filter>
    </ClInclude>
    <ClInclude Include="DebugLineList.h">
      <Filter>Header Files</Filter>
    </ClInclude>
    <ClInclude Include="DebugRectangle.h">
      <Filter>Header Files</Filter>
    </ClInclude>
    <ClInclude Include="DebugShape2D.h">
      <Filter>Header Files</Filter>
    </ClInclude>
    <ClInclude Include="DebugShape3D.h">
      <Filter>Header Files</Filter>
    </ClInclude>
    <ClInclude Include="PointLights.h">
      <Filter>Header Files</Filter>
    </ClInclude>
    <ClInclude Include="buffer.h">
      <Filter>Header Files</Filter>
    </ClInclude>
    <ClInclude Include="WICTextureLoader.h">
      <Filter>Header Files</Filter>
    </ClInclude>
  </ItemGroup>
  <ItemGroup>
    <ClCompile Include="stdafx.cpp">
      <Filter>Source Files</Filter>
    </ClCompile>
    <ClCompile Include="GraphicsEngineDLL.cpp">
      <Filter>Source Files</Filter>
    </ClCompile>
    <ClCompile Include="dllmain.cpp">
      <Filter>Source Files</Filter>
    </ClCompile>
    <ClCompile Include="ParticleShader.cpp">
      <Filter>Source Files</Filter>
    </ClCompile>
    <ClCompile Include="SceneShader.cpp">
      <Filter>Source Files</Filter>
    </ClCompile>
    <ClCompile Include="DepthShader.cpp">
      <Filter>Source Files</Filter>
    </ClCompile>
    <ClCompile Include="GUIShader.cpp">
      <Filter>Source Files</Filter>
    </ClCompile>
    <ClCompile Include="RenderTarget.cpp">
      <Filter>Source Files</Filter>
    </ClCompile>
    <ClCompile Include="VisibilityComputer.cpp">
      <Filter>Source Files</Filter>
    </ClCompile>
    <ClCompile Include="DirectX.cpp">
      <Filter>Source Files</Filter>
    </ClCompile>
    <ClCompile Include="FoliageShader.cpp">
      <Filter>Source Files</Filter>
    </ClCompile>
    <ClCompile Include="InstanceManager.cpp">
      <Filter>Source Files</Filter>
    </ClCompile>
    <ClCompile Include="ScreenSpace.cpp">
      <Filter>Source Files</Filter>
    </ClCompile>
    <ClCompile Include="ShadowShapes.cpp">
      <Filter>Source Files</Filter>
    </ClCompile>
    <ClCompile Include="DebugDraw.cpp">
      <Filter>Source Files</Filter>
    </ClCompile>
    <ClCompile Include="DebugBox.cpp">
      <Filter>Source Files</Filter>
    </ClCompile>
    <ClCompile Include="DebugCircle.cpp">
      <Filter>Source Files</Filter>
    </ClCompile>
    <ClCompile Include="DebugDot.cpp">
      <Filter>Source Files</Filter>
    </ClCompile>
    <ClCompile Include="DebugLineList.cpp">
      <Filter>Source Files</Filter>
    </ClCompile>
    <ClCompile Include="DebugRectangle.cpp">
      <Filter>Source Files</Filter>
    </ClCompile>
    <ClCompile Include="DebugShape2D.cpp">
      <Filter>Source Files</Filter>
    </ClCompile>
    <ClCompile Include="DebugShape3D.cpp">
      <Filter>Source Files</Filter>
    </ClCompile>
    <ClCompile Include="PointLights.cpp">
      <Filter>Source Files</Filter>
    </ClCompile>
    <ClCompile Include="Buffer.cpp">
      <Filter>Source Files</Filter>
    </ClCompile>
    <ClCompile Include="WICTextureLoader.cpp">
      <Filter>Source Files</Filter>
    </ClCompile>
  </ItemGroup>
</Project>